
Microsoft Visual Studio Solution File, Format Version 12.00
# Visual Studio Version 17
VisualStudioVersion = 17.5.33516.290
MinimumVisualStudioVersion = 10.0.40219.1
Project("{FAE04EC0-301F-11D3-BF4B-00C04F79EFBC}") = "HashChecker", "HashChecker.csproj", "{01D0400D-FF9C-46A7-B72D-FBC573E72158}"
EndProject
Global
	GlobalSection(SolutionConfigurationPlatforms) = preSolution
		Debug|Any CPU = Debug|Any CPU
		Release|Any CPU = Release|Any CPU
	EndGlobalSection
	GlobalSection(ProjectConfigurationPlatforms) = postSolution
		{01D0400D-FF9C-46A7-B72D-FBC573E72158}.Debug|Any CPU.ActiveCfg = Debug|Any CPU
		{01D0400D-FF9C-46A7-B72D-FBC573E72158}.Debug|Any CPU.Build.0 = Debug|Any CPU
		{01D0400D-FF9C-46A7-B72D-FBC573E72158}.Release|Any CPU.ActiveCfg = Release|Any CPU
		{01D0400D-FF9C-46A7-B72D-FBC573E72158}.Release|Any CPU.Build.0 = Release|Any CPU
	EndGlobalSection
	GlobalSection(SolutionProperties) = preSolution
		HideSolutionNode = FALSE
	EndGlobalSection
	GlobalSection(ExtensibilityGlobals) = postSolution
		SolutionGuid = {890588DE-67EA-4CEC-B2B4-3AD1499C7ECF}
	EndGlobalSection
EndGlobal
